
Microsoft Visual Studio Solution File, Format Version 12.00
Project("{FAE04EC0-301F-11D3-BF4B-00C04F79EFBC}") = "TourPlanner", "TourPlanner\TourPlanner.csproj", "{DEF7F68E-FE62-4AF3-BA16-FA9D161EB135}"
EndProject
Project("{FAE04EC0-301F-11D3-BF4B-00C04F79EFBC}") = "Tests.TourPlanner", "Tests.TourPlanner\Tests.TourPlanner.csproj", "{9A68E9E3-F26A-4F94-8BE4-0A88C560E5B8}"
EndProject
Global
	GlobalSection(SolutionConfigurationPlatforms) = preSolution
		Debug|Any CPU = Debug|Any CPU
		Release|Any CPU = Release|Any CPU
	EndGlobalSection
	GlobalSection(ProjectConfigurationPlatforms) = postSolution
		{DEF7F68E-FE62-4AF3-BA16-FA9D161EB135}.Debug|Any CPU.ActiveCfg = Debug|Any CPU
		{DEF7F68E-FE62-4AF3-BA16-FA9D161EB135}.Debug|Any CPU.Build.0 = Debug|Any CPU
		{DEF7F68E-FE62-4AF3-BA16-FA9D161EB135}.Release|Any CPU.ActiveCfg = Release|Any CPU
		{DEF7F68E-FE62-4AF3-BA16-FA9D161EB135}.Release|Any CPU.Build.0 = Release|Any CPU
		{9A68E9E3-F26A-4F94-8BE4-0A88C560E5B8}.Debug|Any CPU.ActiveCfg = Debug|Any CPU
		{9A68E9E3-F26A-4F94-8BE4-0A88C560E5B8}.Debug|Any CPU.Build.0 = Debug|Any CPU
		{9A68E9E3-F26A-4F94-8BE4-0A88C560E5B8}.Release|Any CPU.ActiveCfg = Release|Any CPU
		{9A68E9E3-F26A-4F94-8BE4-0A88C560E5B8}.Release|Any CPU.Build.0 = Release|Any CPU
	EndGlobalSection
EndGlobal
